{
  "object": {
    "pins": [
      {
        "package": "swift-libmysql",
        "repositoryURL": "https://github.com/eman6576/swift-libmysql",
        "state": {
          "branch": null,
          "revision": "79b05302c868849972368854dd5a530cac49e6e5",
          "version": null
        }
      }
    ]
  },
  "version": 1
}
